// !$*UTF8*$!
{
	archiveVersion = 1;
	classes = {
	};
	objectVersion = 51;
	objects = {

/* Begin PBXBuildFile section */
		7924908B2092EFB8CF4D8D8B /* Pods_Rakuten_assisgnment.framework in Frameworks */ = {isa = PBXBuildFile; fileRef = 020C069DAD7C639372BA6FD1 /* Pods_Rakuten_assisgnment.framework */; };
		EC4B17E3251489330015FA2A /* AppDelegate.swift in Sources */ = {isa = PBXBuildFile; fileRef = EC4B17E2251489330015FA2A /* AppDelegate.swift */; };
		EC4B17E5251489330015FA2A /* SceneDelegate.swift in Sources */ = {isa = PBXBuildFile; fileRef = EC4B17E4251489330015FA2A /* SceneDelegate.swift */; };
		EC4B17E7251489330015FA2A /* MapsViewController.swift in Sources */ = {isa = PBXBuildFile; fileRef = EC4B17E6251489330015FA2A /* MapsViewController.swift */; };
		EC4B17EA251489330015FA2A /* Main.storyboard in Resources */ = {isa = PBXBuildFile; fileRef = EC4B17E8251489330015FA2A /* Main.storyboard */; };
		EC4B17ED251489330015FA2A /* Rakuten_assisgnment.xcdatamodeld in Sources */ = {isa = PBXBuildFile; fileRef = EC4B17EB251489330015FA2A /* Rakuten_assisgnment.xcdatamodeld */; };
		EC4B17EF251489360015FA2A /* Assets.xcassets in Resources */ = {isa = PBXBuildFile; fileRef = EC4B17EE251489360015FA2A /* Assets.xcassets */; };
		EC4B17F2251489360015FA2A /* LaunchScreen.storyboard in Resources */ = {isa = PBXBuildFile; fileRef = EC4B17F0251489360015FA2A /* LaunchScreen.storyboard */; };
		EC4B17FD251489370015FA2A /* Rakuten_assisgnmentTests.swift in Sources */ = {isa = PBXBuildFile; fileRef = EC4B17FC251489370015FA2A /* Rakuten_assisgnmentTests.swift */; };
		EC4B182B2517310B0015FA2A /* MapsViewModel.swift in Sources */ = {isa = PBXBuildFile; fileRef = EC4B182A2517310B0015FA2A /* MapsViewModel.swift */; };
		EC4B182D2517311B0015FA2A /* MapsRepository.swift in Sources */ = {isa = PBXBuildFile; fileRef = EC4B182C2517311B0015FA2A /* MapsRepository.swift */; };
		EC4B182F251731320015FA2A /* APIServicesClient.swift in Sources */ = {isa = PBXBuildFile; fileRef = EC4B182E251731320015FA2A /* APIServicesClient.swift */; };
		EC4B1831251731460015FA2A /* CoreDataManager.swift in Sources */ = {isa = PBXBuildFile; fileRef = EC4B1830251731460015FA2A /* CoreDataManager.swift */; };
		EC4B1834251733D10015FA2A /* AppConstants.swift in Sources */ = {isa = PBXBuildFile; fileRef = EC4B1833251733D10015FA2A /* AppConstants.swift */; };
		EC4B183725173BBF0015FA2A /* GetLocationsRequest.swift in Sources */ = {isa = PBXBuildFile; fileRef = EC4B183625173BBF0015FA2A /* GetLocationsRequest.swift */; };
		EC4B183925173BE00015FA2A /* GetCoordinatesRequest.swift in Sources */ = {isa = PBXBuildFile; fileRef = EC4B183825173BE00015FA2A /* GetCoordinatesRequest.swift */; };
		EC4B183B25174BB50015FA2A /* RakutenLocations.swift in Sources */ = {isa = PBXBuildFile; fileRef = EC4B183A25174BB50015FA2A /* RakutenLocations.swift */; };
		EC4B183D251795A60015FA2A /* RakutenMarkerUIModel.swift in Sources */ = {isa = PBXBuildFile; fileRef = EC4B183C251795A60015FA2A /* RakutenMarkerUIModel.swift */; };
		EC4B183F25179DE40015FA2A /* GeocodedLocations.swift in Sources */ = {isa = PBXBuildFile; fileRef = EC4B183E25179DE40015FA2A /* GeocodedLocations.swift */; };
		F51E2B3E59C619599536ABFD /* Pods_Rakuten_assisgnmentTests.framework in Frameworks */ = {isa = PBXBuildFile; fileRef = 27C55CA8C99F5BDFEB31743B /* Pods_Rakuten_assisgnmentTests.framework */; };
/* End PBXBuildFile section */

/* Begin PBXContainerItemProxy section */
		EC4B17F9251489370015FA2A /* PBXContainerItemProxy */ = {
			isa = PBXContainerItemProxy;
			containerPortal = EC4B17D7251489330015FA2A /* Project object */;
			proxyType = 1;
			remoteGlobalIDString = EC4B17DE251489330015FA2A;
			remoteInfo = Rakuten_assisgnment;
		};
/* End PBXContainerItemProxy section */

/* Begin PBXFileReference section */
		020C069DAD7C639372BA6FD1 /* Pods_Rakuten_assisgnment.framework */ = {isa = PBXFileReference; explicitFileType = wrapper.framework; includeInIndex = 0; path = Pods_Rakuten_assisgnment.framework; sourceTree = BUILT_PRODUCTS_DIR; };
		27C55CA8C99F5BDFEB31743B /* Pods_Rakuten_assisgnmentTests.framework */ = {isa = PBXFileReference; explicitFileType = wrapper.framework; includeInIndex = 0; path = Pods_Rakuten_assisgnmentTests.framework; sourceTree = BUILT_PRODUCTS_DIR; };
		3AC5E431A8C49A533A744E00 /* Pods-Rakuten_assisgnment.release.xcconfig */ = {isa = PBXFileReference; includeInIndex = 1; lastKnownFileType = text.xcconfig; name = "Pods-Rakuten_assisgnment.release.xcconfig"; path = "Target Support Files/Pods-Rakuten_assisgnment/Pods-Rakuten_assisgnment.release.xcconfig"; sourceTree = "<group>"; };
		46C7679EC3229D057822C618 /* Pods-Rakuten_assisgnmentTests.release.xcconfig */ = {isa = PBXFileReference; includeInIndex = 1; lastKnownFileType = text.xcconfig; name = "Pods-Rakuten_assisgnmentTests.release.xcconfig"; path = "Target Support Files/Pods-Rakuten_assisgnmentTests/Pods-Rakuten_assisgnmentTests.release.xcconfig"; sourceTree = "<group>"; };
		918993A86B4CC33C9F53A6D0 /* Pods-Rakuten_assisgnment.debug.xcconfig */ = {isa = PBXFileReference; includeInIndex = 1; lastKnownFileType = text.xcconfig; name = "Pods-Rakuten_assisgnment.debug.xcconfig"; path = "Target Support Files/Pods-Rakuten_assisgnment/Pods-Rakuten_assisgnment.debug.xcconfig"; sourceTree = "<group>"; };
		B5B0000EEDC0577FEF483EC7 /* Pods-Rakuten_assisgnmentTests.debug.xcconfig */ = {isa = PBXFileReference; includeInIndex = 1; lastKnownFileType = text.xcconfig; name = "Pods-Rakuten_assisgnmentTests.debug.xcconfig"; path = "Target Support Files/Pods-Rakuten_assisgnmentTests/Pods-Rakuten_assisgnmentTests.debug.xcconfig"; sourceTree = "<group>"; };
		EC4B17DF251489330015FA2A /* Rakuten_assisgnment.app */ = {isa = PBXFileReference; explicitFileType = wrapper.application; includeInIndex = 0; path = Rakuten_assisgnment.app; sourceTree = BUILT_PRODUCTS_DIR; };
		EC4B17E2251489330015FA2A /* AppDelegate.swift */ = {isa = PBXFileReference; lastKnownFileType = sourcecode.swift; path = AppDelegate.swift; sourceTree = "<group>"; };
		EC4B17E4251489330015FA2A /* SceneDelegate.swift */ = {isa = PBXFileReference; lastKnownFileType = sourcecode.swift; path = SceneDelegate.swift; sourceTree = "<group>"; };
		EC4B17E6251489330015FA2A /* MapsViewController.swift */ = {isa = PBXFileReference; lastKnownFileType = sourcecode.swift; path = MapsViewController.swift; sourceTree = "<group>"; };
		EC4B17E9251489330015FA2A /* Base */ = {isa = PBXFileReference; lastKnownFileType = file.storyboard; name = Base; path = Base.lproj/Main.storyboard; sourceTree = "<group>"; };
		EC4B17EC251489330015FA2A /* Rakuten_assisgnment.xcdatamodel */ = {isa = PBXFileReference; lastKnownFileType = wrapper.xcdatamodel; path = Rakuten_assisgnment.xcdatamodel; sourceTree = "<group>"; };
		EC4B17EE251489360015FA2A /* Assets.xcassets */ = {isa = PBXFileReference; lastKnownFileType = folder.assetcatalog; path = Assets.xcassets; sourceTree = "<group>"; };
		EC4B17F1251489360015FA2A /* Base */ = {isa = PBXFileReference; lastKnownFileType = file.storyboard; name = Base; path = Base.lproj/LaunchScreen.storyboard; sourceTree = "<group>"; };
		EC4B17F3251489360015FA2A /* Info.plist */ = {isa = PBXFileReference; lastKnownFileType = text.plist.xml; path = Info.plist; sourceTree = "<group>"; };
		EC4B17F8251489370015FA2A /* Rakuten_assisgnmentTests.xctest */ = {isa = PBXFileReference; explicitFileType = wrapper.cfbundle; includeInIndex = 0; path = Rakuten_assisgnmentTests.xctest; sourceTree = BUILT_PRODUCTS_DIR; };
		EC4B17FC251489370015FA2A /* Rakuten_assisgnmentTests.swift */ = {isa = PBXFileReference; lastKnownFileType = sourcecode.swift; path = Rakuten_assisgnmentTests.swift; sourceTree = "<group>"; };
		EC4B17FE251489370015FA2A /* Info.plist */ = {isa = PBXFileReference; lastKnownFileType = text.plist.xml; path = Info.plist; sourceTree = "<group>"; };
		EC4B182A2517310B0015FA2A /* MapsViewModel.swift */ = {isa = PBXFileReference; lastKnownFileType = sourcecode.swift; path = MapsViewModel.swift; sourceTree = "<group>"; };
		EC4B182C2517311B0015FA2A /* MapsRepository.swift */ = {isa = PBXFileReference; lastKnownFileType = sourcecode.swift; path = MapsRepository.swift; sourceTree = "<group>"; };
		EC4B182E251731320015FA2A /* APIServicesClient.swift */ = {isa = PBXFileReference; lastKnownFileType = sourcecode.swift; path = APIServicesClient.swift; sourceTree = "<group>"; };
		EC4B1830251731460015FA2A /* CoreDataManager.swift */ = {isa = PBXFileReference; lastKnownFileType = sourcecode.swift; path = CoreDataManager.swift; sourceTree = "<group>"; };
		EC4B1833251733D10015FA2A /* AppConstants.swift */ = {isa = PBXFileReference; lastKnownFileType = sourcecode.swift; path = AppConstants.swift; sourceTree = "<group>"; };
		EC4B183625173BBF0015FA2A /* GetLocationsRequest.swift */ = {isa = PBXFileReference; lastKnownFileType = sourcecode.swift; path = GetLocationsRequest.swift; sourceTree = "<group>"; };
		EC4B183825173BE00015FA2A /* GetCoordinatesRequest.swift */ = {isa = PBXFileReference; lastKnownFileType = sourcecode.swift; path = GetCoordinatesRequest.swift; sourceTree = "<group>"; };
		EC4B183A25174BB50015FA2A /* RakutenLocations.swift */ = {isa = PBXFileReference; lastKnownFileType = sourcecode.swift; path = RakutenLocations.swift; sourceTree = "<group>"; };
		EC4B183C251795A60015FA2A /* RakutenMarkerUIModel.swift */ = {isa = PBXFileReference; lastKnownFileType = sourcecode.swift; path = RakutenMarkerUIModel.swift; sourceTree = "<group>"; };
		EC4B183E25179DE40015FA2A /* GeocodedLocations.swift */ = {isa = PBXFileReference; lastKnownFileType = sourcecode.swift; path = GeocodedLocations.swift; sourceTree = "<group>"; };
/* End PBXFileReference section */

/* Begin PBXFrameworksBuildPhase section */
		EC4B17DC251489330015FA2A /* Frameworks */ = {
			isa = PBXFrameworksBuildPhase;
			buildActionMask = 2147483647;
			files = (
				7924908B2092EFB8CF4D8D8B /* Pods_Rakuten_assisgnment.framework in Frameworks */,
			);
			runOnlyForDeploymentPostprocessing = 0;
		};
		EC4B17F5251489370015FA2A /* Frameworks */ = {
			isa = PBXFrameworksBuildPhase;
			buildActionMask = 2147483647;
			files = (
				F51E2B3E59C619599536ABFD /* Pods_Rakuten_assisgnmentTests.framework in Frameworks */,
			);
			runOnlyForDeploymentPostprocessing = 0;
		};
/* End PBXFrameworksBuildPhase section */

/* Begin PBXGroup section */
		063BA02F15B054077C842DCB /* Frameworks */ = {
			isa = PBXGroup;
			children = (
				020C069DAD7C639372BA6FD1 /* Pods_Rakuten_assisgnment.framework */,
				27C55CA8C99F5BDFEB31743B /* Pods_Rakuten_assisgnmentTests.framework */,
			);
			name = Frameworks;
			sourceTree = "<group>";
		};
		987C796B58A0B4A08D747D7E /* Pods */ = {
			isa = PBXGroup;
			children = (
				918993A86B4CC33C9F53A6D0 /* Pods-Rakuten_assisgnment.debug.xcconfig */,
				3AC5E431A8C49A533A744E00 /* Pods-Rakuten_assisgnment.release.xcconfig */,
				B5B0000EEDC0577FEF483EC7 /* Pods-Rakuten_assisgnmentTests.debug.xcconfig */,
				46C7679EC3229D057822C618 /* Pods-Rakuten_assisgnmentTests.release.xcconfig */,
			);
			path = Pods;
			sourceTree = "<group>";
		};
		EC4B17D6251489330015FA2A = {
			isa = PBXGroup;
			children = (
				EC4B17E1251489330015FA2A /* Rakuten_assisgnment */,
				EC4B17FB251489370015FA2A /* Rakuten_assisgnmentTests */,
				EC4B17E0251489330015FA2A /* Products */,
				987C796B58A0B4A08D747D7E /* Pods */,
				063BA02F15B054077C842DCB /* Frameworks */,
			);
			sourceTree = "<group>";
		};
		EC4B17E0251489330015FA2A /* Products */ = {
			isa = PBXGroup;
			children = (
				EC4B17DF251489330015FA2A /* Rakuten_assisgnment.app */,
				EC4B17F8251489370015FA2A /* Rakuten_assisgnmentTests.xctest */,
			);
			name = Products;
			sourceTree = "<group>";
		};
		EC4B17E1251489330015FA2A /* Rakuten_assisgnment */ = {
			isa = PBXGroup;
			children = (
				EC4B1832251733BC0015FA2A /* Common */,
				EC4B182925171A050015FA2A /* DataBase */,
				EC4B1828251719FE0015FA2A /* Models */,
				EC4B1827251719EC0015FA2A /* APIClient */,
				EC4B1826251719DE0015FA2A /* Repostories */,
				EC4B1825251719D10015FA2A /* ViewModels */,
				EC4B17E2251489330015FA2A /* AppDelegate.swift */,
				EC4B17E4251489330015FA2A /* SceneDelegate.swift */,
				EC4B17E6251489330015FA2A /* MapsViewController.swift */,
				EC4B17E8251489330015FA2A /* Main.storyboard */,
				EC4B17EE251489360015FA2A /* Assets.xcassets */,
				EC4B17F0251489360015FA2A /* LaunchScreen.storyboard */,
				EC4B17F3251489360015FA2A /* Info.plist */,
				EC4B17EB251489330015FA2A /* Rakuten_assisgnment.xcdatamodeld */,
			);
			path = Rakuten_assisgnment;
			sourceTree = "<group>";
		};
		EC4B17FB251489370015FA2A /* Rakuten_assisgnmentTests */ = {
			isa = PBXGroup;
			children = (
				EC4B17FC251489370015FA2A /* Rakuten_assisgnmentTests.swift */,
				EC4B17FE251489370015FA2A /* Info.plist */,
			);
			path = Rakuten_assisgnmentTests;
			sourceTree = "<group>";
		};
		EC4B1825251719D10015FA2A /* ViewModels */ = {
			isa = PBXGroup;
			children = (
				EC4B182A2517310B0015FA2A /* MapsViewModel.swift */,
			);
			path = ViewModels;
			sourceTree = "<group>";
		};
		EC4B1826251719DE0015FA2A /* Repostories */ = {
			isa = PBXGroup;
			children = (
				EC4B182C2517311B0015FA2A /* MapsRepository.swift */,
			);
			path = Repostories;
			sourceTree = "<group>";
		};
		EC4B1827251719EC0015FA2A /* APIClient */ = {
			isa = PBXGroup;
			children = (
				EC4B183525173B980015FA2A /* Requests */,
				EC4B182E251731320015FA2A /* APIServicesClient.swift */,
			);
			path = APIClient;
			sourceTree = "<group>";
		};
		EC4B1828251719FE0015FA2A /* Models */ = {
			isa = PBXGroup;
			children = (
				EC4B183A25174BB50015FA2A /* RakutenLocations.swift */,
				EC4B183C251795A60015FA2A /* RakutenMarkerUIModel.swift */,
				EC4B183E25179DE40015FA2A /* GeocodedLocations.swift */,
			);
			path = Models;
			sourceTree = "<group>";
		};
		EC4B182925171A050015FA2A /* DataBase */ = {
			isa = PBXGroup;
			children = (
				EC4B1830251731460015FA2A /* CoreDataManager.swift */,
			);
			path = DataBase;
			sourceTree = "<group>";
		};
		EC4B1832251733BC0015FA2A /* Common */ = {
			isa = PBXGroup;
			children = (
				EC4B1833251733D10015FA2A /* AppConstants.swift */,
			);
			path = Common;
			sourceTree = "<group>";
		};
		EC4B183525173B980015FA2A /* Requests */ = {
			isa = PBXGroup;
			children = (
				EC4B183625173BBF0015FA2A /* GetLocationsRequest.swift */,
				EC4B183825173BE00015FA2A /* GetCoordinatesRequest.swift */,
			);
			path = Requests;
			sourceTree = "<group>";
		};
/* End PBXGroup section */

/* Begin PBXNativeTarget section */
		EC4B17DE251489330015FA2A /* Rakuten_assisgnment */ = {
			isa = PBXNativeTarget;
			buildConfigurationList = EC4B1801251489370015FA2A /* Build configuration list for PBXNativeTarget "Rakuten_assisgnment" */;
			buildPhases = (
				1A963769239972E07C52A5D8 /* [CP] Check Pods Manifest.lock */,
				EC4B17DB251489330015FA2A /* Sources */,
				EC4B17DC251489330015FA2A /* Frameworks */,
				EC4B17DD251489330015FA2A /* Resources */,
				396CE806E4EA79BA19B8C66D /* [CP] Embed Pods Frameworks */,
				3BD30DD45C7BE3F9C8008B37 /* [CP] Copy Pods Resources */,
			);
			buildRules = (
			);
			dependencies = (
			);
			name = Rakuten_assisgnment;
			productName = Rakuten_assisgnment;
			productReference = EC4B17DF251489330015FA2A /* Rakuten_assisgnment.app */;
			productType = "com.apple.product-type.application";
		};
		EC4B17F7251489370015FA2A /* Rakuten_assisgnmentTests */ = {
			isa = PBXNativeTarget;
			buildConfigurationList = EC4B1804251489370015FA2A /* Build configuration list for PBXNativeTarget "Rakuten_assisgnmentTests" */;
			buildPhases = (
				01DED6F9B8999DAB24CAB8BE /* [CP] Check Pods Manifest.lock */,
				EC4B17F4251489370015FA2A /* Sources */,
				EC4B17F5251489370015FA2A /* Frameworks */,
				EC4B17F6251489370015FA2A /* Resources */,
			);
			buildRules = (
			);
			dependencies = (
				EC4B17FA251489370015FA2A /* PBXTargetDependency */,
			);
			name = Rakuten_assisgnmentTests;
			productName = Rakuten_assisgnmentTests;
			productReference = EC4B17F8251489370015FA2A /* Rakuten_assisgnmentTests.xctest */;
			productType = "com.apple.product-type.bundle.unit-test";
		};
/* End PBXNativeTarget section */

/* Begin PBXProject section */
		EC4B17D7251489330015FA2A /* Project object */ = {
			isa = PBXProject;
			attributes = {
				LastSwiftUpdateCheck = 1130;
				LastUpgradeCheck = 1130;
				ORGANIZATIONNAME = "Balimidi, Rahul";
				TargetAttributes = {
					EC4B17DE251489330015FA2A = {
						CreatedOnToolsVersion = 11.3.1;
					};
					EC4B17F7251489370015FA2A = {
						CreatedOnToolsVersion = 11.3.1;
						TestTargetID = EC4B17DE251489330015FA2A;
					};
				};
			};
			buildConfigurationList = EC4B17DA251489330015FA2A /* Build configuration list for PBXProject "Rakuten_assisgnment" */;
			compatibilityVersion = "Xcode 9.3";
			developmentRegion = en;
			hasScannedForEncodings = 0;
			knownRegions = (
				en,
				Base,
			);
			mainGroup = EC4B17D6251489330015FA2A;
			productRefGroup = EC4B17E0251489330015FA2A /* Products */;
			projectDirPath = "";
			projectRoot = "";
			targets = (
				EC4B17DE251489330015FA2A /* Rakuten_assisgnment */,
				EC4B17F7251489370015FA2A /* Rakuten_assisgnmentTests */,
			);
		};
/* End PBXProject section */

/* Begin PBXResourcesBuildPhase section */
		EC4B17DD251489330015FA2A /* Resources */ = {
			isa = PBXResourcesBuildPhase;
			buildActionMask = 2147483647;
			files = (
				EC4B17F2251489360015FA2A /* LaunchScreen.storyboard in Resources */,
				EC4B17EF251489360015FA2A /* Assets.xcassets in Resources */,
				EC4B17EA251489330015FA2A /* Main.storyboard in Resources */,
			);
			runOnlyForDeploymentPostprocessing = 0;
		};
		EC4B17F6251489370015FA2A /* Resources */ = {
			isa = PBXResourcesBuildPhase;
			buildActionMask = 2147483647;
			files = (
			);
			runOnlyForDeploymentPostprocessing = 0;
		};
/* End PBXResourcesBuildPhase section */

/* Begin PBXShellScriptBuildPhase section */
		01DED6F9B8999DAB24CAB8BE /* [CP] Check Pods Manifest.lock */ = {
			isa = PBXShellScriptBuildPhase;
			buildActionMask = 2147483647;
			files = (
			);
			inputFileListPaths = (
			);
			inputPaths = (
				"${PODS_PODFILE_DIR_PATH}/Podfile.lock",
				"${PODS_ROOT}/Manifest.lock",
			);
			name = "[CP] Check Pods Manifest.lock";
			outputFileListPaths = (
			);
			outputPaths = (
				"$(DERIVED_FILE_DIR)/Pods-Rakuten_assisgnmentTests-checkManifestLockResult.txt",
			);
			runOnlyForDeploymentPostprocessing = 0;
			shellPath = /bin/sh;
			shellScript = "diff \"${PODS_PODFILE_DIR_PATH}/Podfile.lock\" \"${PODS_ROOT}/Manifest.lock\" > /dev/null\nif [ $? != 0 ] ; then\n    # print error to STDERR\n    echo \"error: The sandbox is not in sync with the Podfile.lock. Run 'pod install' or update your CocoaPods installation.\" >&2\n    exit 1\nfi\n# This output is used by Xcode 'outputs' to avoid re-running this script phase.\necho \"SUCCESS\" > \"${SCRIPT_OUTPUT_FILE_0}\"\n";
			showEnvVarsInLog = 0;
		};
		1A963769239972E07C52A5D8 /* [CP] Check Pods Manifest.lock */ = {
			isa = PBXShellScriptBuildPhase;
			buildActionMask = 2147483647;
			files = (
			);
			inputFileListPaths = (
			);
			inputPaths = (
				"${PODS_PODFILE_DIR_PATH}/Podfile.lock",
				"${PODS_ROOT}/Manifest.lock",
			);
			name = "[CP] Check Pods Manifest.lock";
			outputFileListPaths = (
			);
			outputPaths = (
				"$(DERIVED_FILE_DIR)/Pods-Rakuten_assisgnment-checkManifestLockResult.txt",
			);
			runOnlyForDeploymentPostprocessing = 0;
			shellPath = /bin/sh;
			shellScript = "diff \"${PODS_PODFILE_DIR_PATH}/Podfile.lock\" \"${PODS_ROOT}/Manifest.lock\" > /dev/null\nif [ $? != 0 ] ; then\n    # print error to STDERR\n    echo \"error: The sandbox is not in sync with the Podfile.lock. Run 'pod install' or update your CocoaPods installation.\" >&2\n    exit 1\nfi\n# This output is used by Xcode 'outputs' to avoid re-running this script phase.\necho \"SUCCESS\" > \"${SCRIPT_OUTPUT_FILE_0}\"\n";
			showEnvVarsInLog = 0;
		};
		396CE806E4EA79BA19B8C66D /* [CP] Embed Pods Frameworks */ = {
			isa = PBXShellScriptBuildPhase;
			buildActionMask = 2147483647;
			files = (
			);
			inputFileListPaths = (
				"${PODS_ROOT}/Target Support Files/Pods-Rakuten_assisgnment/Pods-Rakuten_assisgnment-frameworks-${CONFIGURATION}-input-files.xcfilelist",
			);
			name = "[CP] Embed Pods Frameworks";
			outputFileListPaths = (
				"${PODS_ROOT}/Target Support Files/Pods-Rakuten_assisgnment/Pods-Rakuten_assisgnment-frameworks-${CONFIGURATION}-output-files.xcfilelist",
			);
			runOnlyForDeploymentPostprocessing = 0;
			shellPath = /bin/sh;
			shellScript = "\"${PODS_ROOT}/Target Support Files/Pods-Rakuten_assisgnment/Pods-Rakuten_assisgnment-frameworks.sh\"\n";
			showEnvVarsInLog = 0;
		};
		3BD30DD45C7BE3F9C8008B37 /* [CP] Copy Pods Resources */ = {
			isa = PBXShellScriptBuildPhase;
			buildActionMask = 2147483647;
			files = (
			);
			inputFileListPaths = (
				"${PODS_ROOT}/Target Support Files/Pods-Rakuten_assisgnment/Pods-Rakuten_assisgnment-resources-${CONFIGURATION}-input-files.xcfilelist",
			);
			name = "[CP] Copy Pods Resources";
			outputFileListPaths = (
				"${PODS_ROOT}/Target Support Files/Pods-Rakuten_assisgnment/Pods-Rakuten_assisgnment-resources-${CONFIGURATION}-output-files.xcfilelist",
			);
			runOnlyForDeploymentPostprocessing = 0;
			shellPath = /bin/sh;
			shellScript = "\"${PODS_ROOT}/Target Support Files/Pods-Rakuten_assisgnment/Pods-Rakuten_assisgnment-resources.sh\"\n";
			showEnvVarsInLog = 0;
		};
/* End PBXShellScriptBuildPhase section */

/* Begin PBXSourcesBuildPhase section */
		EC4B17DB251489330015FA2A /* Sources */ = {
			isa = PBXSourcesBuildPhase;
			buildActionMask = 2147483647;
			files = (
				EC4B182F251731320015FA2A /* APIServicesClient.swift in Sources */,
				EC4B1834251733D10015FA2A /* AppConstants.swift in Sources */,
				EC4B183F25179DE40015FA2A /* GeocodedLocations.swift in Sources */,
				EC4B17E7251489330015FA2A /* MapsViewController.swift in Sources */,
				EC4B183D251795A60015FA2A /* RakutenMarkerUIModel.swift in Sources */,
				EC4B183B25174BB50015FA2A /* RakutenLocations.swift in Sources */,
				EC4B182B2517310B0015FA2A /* MapsViewModel.swift in Sources */,
				EC4B17E3251489330015FA2A /* AppDelegate.swift in Sources */,
				EC4B183725173BBF0015FA2A /* GetLocationsRequest.swift in Sources */,
				EC4B183925173BE00015FA2A /* GetCoordinatesRequest.swift in Sources */,
				EC4B17ED251489330015FA2A /* Rakuten_assisgnment.xcdatamodeld in Sources */,
				EC4B182D2517311B0015FA2A /* MapsRepository.swift in Sources */,
				EC4B1831251731460015FA2A /* CoreDataManager.swift in Sources */,
				EC4B17E5251489330015FA2A /* SceneDelegate.swift in Sources */,
			);
			runOnlyForDeploymentPostprocessing = 0;
		};
		EC4B17F4251489370015FA2A /* Sources */ = {
			isa = PBXSourcesBuildPhase;
			buildActionMask = 2147483647;
			files = (
				EC4B17FD251489370015FA2A /* Rakuten_assisgnmentTests.swift in Sources */,
			);
			runOnlyForDeploymentPostprocessing = 0;
		};
/* End PBXSourcesBuildPhase section */

/* Begin PBXTargetDependency section */
		EC4B17FA251489370015FA2A /* PBXTargetDependency */ = {
			isa = PBXTargetDependency;
			target = EC4B17DE251489330015FA2A /* Rakuten_assisgnment */;
			targetProxy = EC4B17F9251489370015FA2A /* PBXContainerItemProxy */;
		};
/* End PBXTargetDependency section */

/* Begin PBXVariantGroup section */
		EC4B17E8251489330015FA2A /* Main.storyboard */ = {
			isa = PBXVariantGroup;
			children = (
				EC4B17E9251489330015FA2A /* Base */,
			);
			name = Main.storyboard;
			sourceTree = "<group>";
		};
		EC4B17F0251489360015FA2A /* LaunchScreen.storyboard */ = {
			isa = PBXVariantGroup;
			children = (
				EC4B17F1251489360015FA2A /* Base */,
			);
			name = LaunchScreen.storyboard;
			sourceTree = "<group>";
		};
/* End PBXVariantGroup section */

/* Begin XCBuildConfiguration section */
		EC4B17FF251489370015FA2A /* Debug */ = {
			isa = XCBuildConfiguration;
			buildSettings = {
				ALWAYS_SEARCH_USER_PATHS = NO;
				CLANG_ANALYZER_NONNULL = YES;
				CLANG_ANALYZER_NUMBER_OBJECT_CONVERSION = YES_AGGRESSIVE;
				CLANG_CXX_LANGUAGE_STANDARD = "gnu++14";
				CLANG_CXX_LIBRARY = "libc++";
				CLANG_ENABLE_MODULES = YES;
				CLANG_ENABLE_OBJC_ARC = YES;
				CLANG_ENABLE_OBJC_WEAK = YES;
				CLANG_WARN_BLOCK_CAPTURE_AUTORELEASING = YES;
				CLANG_WARN_BOOL_CONVERSION = YES;
				CLANG_WARN_COMMA = YES;
				CLANG_WARN_CONSTANT_CONVERSION = YES;
				CLANG_WARN_DEPRECATED_OBJC_IMPLEMENTATIONS = YES;
				CLANG_WARN_DIRECT_OBJC_ISA_USAGE = YES_ERROR;
				CLANG_WARN_DOCUMENTATION_COMMENTS = YES;
				CLANG_WARN_EMPTY_BODY = YES;
				CLANG_WARN_ENUM_CONVERSION = YES;
				CLANG_WARN_INFINITE_RECURSION = YES;
				CLANG_WARN_INT_CONVERSION = YES;
				CLANG_WARN_NON_LITERAL_NULL_CONVERSION = YES;
				CLANG_WARN_OBJC_IMPLICIT_RETAIN_SELF = YES;
				CLANG_WARN_OBJC_LITERAL_CONVERSION = YES;
				CLANG_WARN_OBJC_ROOT_CLASS = YES_ERROR;
				CLANG_WARN_RANGE_LOOP_ANALYSIS = YES;
				CLANG_WARN_STRICT_PROTOTYPES = YES;
				CLANG_WARN_SUSPICIOUS_MOVE = YES;
				CLANG_WARN_UNGUARDED_AVAILABILITY = YES_AGGRESSIVE;
				CLANG_WARN_UNREACHABLE_CODE = YES;
				CLANG_WARN__DUPLICATE_METHOD_MATCH = YES;
				COPY_PHASE_STRIP = NO;
				DEBUG_INFORMATION_FORMAT = dwarf;
				ENABLE_STRICT_OBJC_MSGSEND = YES;
				ENABLE_TESTABILITY = YES;
				GCC_C_LANGUAGE_STANDARD = gnu11;
				GCC_DYNAMIC_NO_PIC = NO;
				GCC_NO_COMMON_BLOCKS = YES;
				GCC_OPTIMIZATION_LEVEL = 0;
				GCC_PREPROCESSOR_DEFINITIONS = (
					"DEBUG=1",
					"$(inherited)",
				);
				GCC_WARN_64_TO_32_BIT_CONVERSION = YES;
				GCC_WARN_ABOUT_RETURN_TYPE = YES_ERROR;
				GCC_WARN_UNDECLARED_SELECTOR = YES;
				GCC_WARN_UNINITIALIZED_AUTOS = YES_AGGRESSIVE;
				GCC_WARN_UNUSED_FUNCTION = YES;
				GCC_WARN_UNUSED_VARIABLE = YES;
				IPHONEOS_DEPLOYMENT_TARGET = 13.2;
				MTL_ENABLE_DEBUG_INFO = INCLUDE_SOURCE;
				MTL_FAST_MATH = YES;
				ONLY_ACTIVE_ARCH = YES;
				SDKROOT = iphoneos;
				SWIFT_ACTIVE_COMPILATION_CONDITIONS = DEBUG;
				SWIFT_OPTIMIZATION_LEVEL = "-Onone";
			};
			name = Debug;
		};
		EC4B1800251489370015FA2A /* Release */ = {
			isa = XCBuildConfiguration;
			buildSettings = {
				ALWAYS_SEARCH_USER_PATHS = NO;
				CLANG_ANALYZER_NONNULL = YES;
				CLANG_ANALYZER_NUMBER_OBJECT_CONVERSION = YES_AGGRESSIVE;
				CLANG_CXX_LANGUAGE_STANDARD = "gnu++14";
				CLANG_CXX_LIBRARY = "libc++";
				CLANG_ENABLE_MODULES = YES;
				CLANG_ENABLE_OBJC_ARC = YES;
				CLANG_ENABLE_OBJC_WEAK = YES;
				CLANG_WARN_BLOCK_CAPTURE_AUTORELEASING = YES;
				CLANG_WARN_BOOL_CONVERSION = YES;
				CLANG_WARN_COMMA = YES;
				CLANG_WARN_CONSTANT_CONVERSION = YES;
				CLANG_WARN_DEPRECATED_OBJC_IMPLEMENTATIONS = YES;
				CLANG_WARN_DIRECT_OBJC_ISA_USAGE = YES_ERROR;
				CLANG_WARN_DOCUMENTATION_COMMENTS = YES;
				CLANG_WARN_EMPTY_BODY = YES;
				CLANG_WARN_ENUM_CONVERSION = YES;
				CLANG_WARN_INFINITE_RECURSION = YES;
				CLANG_WARN_INT_CONVERSION = YES;
				CLANG_WARN_NON_LITERAL_NULL_CONVERSION = YES;
				CLANG_WARN_OBJC_IMPLICIT_RETAIN_SELF = YES;
				CLANG_WARN_OBJC_LITERAL_CONVERSION = YES;
				CLANG_WARN_OBJC_ROOT_CLASS = YES_ERROR;
				CLANG_WARN_RANGE_LOOP_ANALYSIS = YES;
				CLANG_WARN_STRICT_PROTOTYPES = YES;
				CLANG_WARN_SUSPICIOUS_MOVE = YES;
				CLANG_WARN_UNGUARDED_AVAILABILITY = YES_AGGRESSIVE;
				CLANG_WARN_UNREACHABLE_CODE = YES;
				CLANG_WARN__DUPLICATE_METHOD_MATCH = YES;
				COPY_PHASE_STRIP = NO;
				DEBUG_INFORMATION_FORMAT = "dwarf-with-dsym";
				ENABLE_NS_ASSERTIONS = NO;
				ENABLE_STRICT_OBJC_MSGSEND = YES;
				GCC_C_LANGUAGE_STANDARD = gnu11;
				GCC_NO_COMMON_BLOCKS = YES;
				GCC_WARN_64_TO_32_BIT_CONVERSION = YES;
				GCC_WARN_ABOUT_RETURN_TYPE = YES_ERROR;
				GCC_WARN_UNDECLARED_SELECTOR = YES;
				GCC_WARN_UNINITIALIZED_AUTOS = YES_AGGRESSIVE;
				GCC_WARN_UNUSED_FUNCTION = YES;
				GCC_WARN_UNUSED_VARIABLE = YES;
				IPHONEOS_DEPLOYMENT_TARGET = 13.2;
				MTL_ENABLE_DEBUG_INFO = NO;
				MTL_FAST_MATH = YES;
				SDKROOT = iphoneos;
				SWIFT_COMPILATION_MODE = wholemodule;
				SWIFT_OPTIMIZATION_LEVEL = "-O";
				VALIDATE_PRODUCT = YES;
			};
			name = Release;
		};
		EC4B1802251489370015FA2A /* Debug */ = {
			isa = XCBuildConfiguration;
			baseConfigurationReference = 918993A86B4CC33C9F53A6D0 /* Pods-Rakuten_assisgnment.debug.xcconfig */;
			buildSettings = {
				ASSETCATALOG_COMPILER_APPICON_NAME = AppIcon;
				CODE_SIGN_STYLE = Automatic;
				DEVELOPMENT_TEAM = N34E47Y98M;
				INFOPLIST_FILE = Rakuten_assisgnment/Info.plist;
				LD_RUNPATH_SEARCH_PATHS = (
					"$(inherited)",
					"@executable_path/Frameworks",
				);
				PRODUCT_BUNDLE_IDENTIFIER = "com.jpmorganchase.Rakuten-assisgnment";
				PRODUCT_NAME = "$(TARGET_NAME)";
				SWIFT_VERSION = 5.0;
				TARGETED_DEVICE_FAMILY = "1,2";
			};
			name = Debug;
		};
		EC4B1803251489370015FA2A /* Release */ = {
			isa = XCBuildConfiguration;
			baseConfigurationReference = 3AC5E431A8C49A533A744E00 /* Pods-Rakuten_assisgnment.release.xcconfig */;
			buildSettings = {
				ASSETCATALOG_COMPILER_APPICON_NAME = AppIcon;
				CODE_SIGN_STYLE = Automatic;
				DEVELOPMENT_TEAM = N34E47Y98M;
				INFOPLIST_FILE = Rakuten_assisgnment/Info.plist;
				LD_RUNPATH_SEARCH_PATHS = (
					"$(inherited)",
					"@executable_path/Frameworks",
				);
				PRODUCT_BUNDLE_IDENTIFIER = "com.jpmorganchase.Rakuten-assisgnment";
				PRODUCT_NAME = "$(TARGET_NAME)";
				SWIFT_VERSION = 5.0;
				TARGETED_DEVICE_FAMILY = "1,2";
			};
			name = Release;
		};
		EC4B1805251489370015FA2A /* Debug */ = {
			isa = XCBuildConfiguration;
			baseConfigurationReference = B5B0000EEDC0577FEF483EC7 /* Pods-Rakuten_assisgnmentTests.debug.xcconfig */;
			buildSettings = {
				ALWAYS_EMBED_SWIFT_STANDARD_LIBRARIES = YES;
				BUNDLE_LOADER = "$(TEST_HOST)";
				CODE_SIGN_STYLE = Automatic;
				DEVELOPMENT_TEAM = N34E47Y98M;
				INFOPLIST_FILE = Rakuten_assisgnmentTests/Info.plist;
				IPHONEOS_DEPLOYMENT_TARGET = 13.2;
				LD_RUNPATH_SEARCH_PATHS = (
					"$(inherited)",
					"@executable_path/Frameworks",
					"@loader_path/Frameworks",
				);
				PRODUCT_BUNDLE_IDENTIFIER = "com.jpmorganchase.Rakuten-assisgnmentTests";
				PRODUCT_NAME = "$(TARGET_NAME)";
				SWIFT_VERSION = 5.0;
				TARGETED_DEVICE_FAMILY = "1,2";
				TEST_HOST = "$(BUILT_PRODUCTS_DIR)/Rakuten_assisgnment.app/Rakuten_assisgnment";
			};
			name = Debug;
		};
		EC4B1806251489370015FA2A /* Release */ = {
			isa = XCBuildConfiguration;
			baseConfigurationReference = 46C7679EC3229D057822C618 /* Pods-Rakuten_assisgnmentTests.release.xcconfig */;
			buildSettings = {
				ALWAYS_EMBED_SWIFT_STANDARD_LIBRARIES = YES;
				BUNDLE_LOADER = "$(TEST_HOST)";
				CODE_SIGN_STYLE = Automatic;
				DEVELOPMENT_TEAM = N34E47Y98M;
				INFOPLIST_FILE = Rakuten_assisgnmentTests/Info.plist;
				IPHONEOS_DEPLOYMENT_TARGET = 13.2;
				LD_RUNPATH_SEARCH_PATHS = (
					"$(inherited)",
					"@executable_path/Frameworks",
					"@loader_path/Frameworks",
				);
				PRODUCT_BUNDLE_IDENTIFIER = "com.jpmorganchase.Rakuten-assisgnmentTests";
				PRODUCT_NAME = "$(TARGET_NAME)";
				SWIFT_VERSION = 5.0;
				TARGETED_DEVICE_FAMILY = "1,2";
				TEST_HOST = "$(BUILT_PRODUCTS_DIR)/Rakuten_assisgnment.app/Rakuten_assisgnment";
			};
			name = Release;
		};
/* End XCBuildConfiguration section */

/* Begin XCConfigurationList section */
		EC4B17DA251489330015FA2A /* Build configuration list for PBXProject "Rakuten_assisgnment" */ = {
			isa = XCConfigurationList;
			buildConfigurations = (
				EC4B17FF251489370015FA2A /* Debug */,
				EC4B1800251489370015FA2A /* Release */,
			);
			defaultConfigurationIsVisible = 0;
			defaultConfigurationName = Release;
		};
		EC4B1801251489370015FA2A /* Build configuration list for PBXNativeTarget "Rakuten_assisgnment" */ = {
			isa = XCConfigurationList;
			buildConfigurations = (
				EC4B1802251489370015FA2A /* Debug */,
				EC4B1803251489370015FA2A /* Release */,
			);
			defaultConfigurationIsVisible = 0;
			defaultConfigurationName = Release;
		};
		EC4B1804251489370015FA2A /* Build configuration list for PBXNativeTarget "Rakuten_assisgnmentTests" */ = {
			isa = XCConfigurationList;
			buildConfigurations = (
				EC4B1805251489370015FA2A /* Debug */,
				EC4B1806251489370015FA2A /* Release */,
			);
			defaultConfigurationIsVisible = 0;
			defaultConfigurationName = Release;
		};
/* End XCConfigurationList section */

/* Begin XCVersionGroup section */
		EC4B17EB251489330015FA2A /* Rakuten_assisgnment.xcdatamodeld */ = {
			isa = XCVersionGroup;
			children = (
				EC4B17EC251489330015FA2A /* Rakuten_assisgnment.xcdatamodel */,
			);
			currentVersion = EC4B17EC251489330015FA2A /* Rakuten_assisgnment.xcdatamodel */;
			path = Rakuten_assisgnment.xcdatamodeld;
			sourceTree = "<group>";
			versionGroupType = wrapper.xcdatamodel;
		};
/* End XCVersionGroup section */
	};
	rootObject = EC4B17D7251489330015FA2A /* Project object */;
}
